// !$*UTF8*$!
{
	archiveVersion = 1;
	classes = {
	};
	objectVersion = 46;
	objects = {

/* Begin PBXBuildFile section */
		913B5A0A180F90F5008A502F /* Cocoa.framework in Frameworks */ = {isa = PBXBuildFile; fileRef = 913B5A09180F90F5008A502F /* Cocoa.framework */; };
		913B5A14180F90F5008A502F /* InfoPlist.strings in Resources */ = {isa = PBXBuildFile; fileRef = 913B5A12180F90F5008A502F /* InfoPlist.strings */; };
		913B5A16180F90F5008A502F /* main.m in Sources */ = {isa = PBXBuildFile; fileRef = 913B5A15180F90F5008A502F /* main.m */; };
		913B5A1A180F90F5008A502F /* Credits.rtf in Resources */ = {isa = PBXBuildFile; fileRef = 913B5A18180F90F5008A502F /* Credits.rtf */; };
		913B5A1D180F90F5008A502F /* PCAAppDelegate.m in Sources */ = {isa = PBXBuildFile; fileRef = 913B5A1C180F90F5008A502F /* PCAAppDelegate.m */; };
		913B5A20180F90F5008A502F /* MainMenu.xib in Resources */ = {isa = PBXBuildFile; fileRef = 913B5A1E180F90F5008A502F /* MainMenu.xib */; };
		913B5A22180F90F5008A502F /* Images.xcassets in Resources */ = {isa = PBXBuildFile; fileRef = 913B5A21180F90F5008A502F /* Images.xcassets */; };
		913B5A29180F90F5008A502F /* XCTest.framework in Frameworks */ = {isa = PBXBuildFile; fileRef = 913B5A28180F90F5008A502F /* XCTest.framework */; };
		913B5A2A180F90F5008A502F /* Cocoa.framework in Frameworks */ = {isa = PBXBuildFile; fileRef = 913B5A09180F90F5008A502F /* Cocoa.framework */; };
		913B5A32180F90F5008A502F /* InfoPlist.strings in Resources */ = {isa = PBXBuildFile; fileRef = 913B5A30180F90F5008A502F /* InfoPlist.strings */; };
		913B5A34180F90F5008A502F /* PrototypeCATests.m in Sources */ = {isa = PBXBuildFile; fileRef = 913B5A33180F90F5008A502F /* PrototypeCATests.m */; };
		913B5A44180F9192008A502F /* PCAViewerWindowController.m in Sources */ = {isa = PBXBuildFile; fileRef = 913B5A42180F9192008A502F /* PCAViewerWindowController.m */; };
		913B5A45180F9192008A502F /* PCAViewerWindowController.xib in Resources */ = {isa = PBXBuildFile; fileRef = 913B5A43180F9192008A502F /* PCAViewerWindowController.xib */; };
		913B5A49180F9217008A502F /* PCAJavaScriptContext.m in Sources */ = {isa = PBXBuildFile; fileRef = 913B5A48180F9217008A502F /* PCAJavaScriptContext.m */; };
		913B5A4B180F9319008A502F /* QuartzCore.framework in Frameworks */ = {isa = PBXBuildFile; fileRef = 913B5A4A180F9319008A502F /* QuartzCore.framework */; };
		913B5A51180F95BA008A502F /* NSString+PCAJavaScriptAdditions.m in Sources */ = {isa = PBXBuildFile; fileRef = 913B5A50180F95BA008A502F /* NSString+PCAJavaScriptAdditions.m */; };
		913B5A54180F9860008A502F /* NSError+PCAJavaScriptAdditions.m in Sources */ = {isa = PBXBuildFile; fileRef = 913B5A53180F9860008A502F /* NSError+PCAJavaScriptAdditions.m */; };
		913B5A57180F9B59008A502F /* PCAJSUndefinedValue.m in Sources */ = {isa = PBXBuildFile; fileRef = 913B5A56180F9B59008A502F /* PCAJSUndefinedValue.m */; };
		913B5A59180F9CC5008A502F /* JavaScriptCore.framework in Frameworks */ = {isa = PBXBuildFile; fileRef = 913B5A58180F9CC5008A502F /* JavaScriptCore.framework */; };
/* End PBXBuildFile section */

/* Begin PBXContainerItemProxy section */
		913B5A2B180F90F5008A502F /* PBXContainerItemProxy */ = {
			isa = PBXContainerItemProxy;
			containerPortal = 913B59FE180F90F5008A502F /* Project object */;
			proxyType = 1;
			remoteGlobalIDString = 913B5A05180F90F5008A502F;
			remoteInfo = PrototypeCA;
		};
/* End PBXContainerItemProxy section */

/* Begin PBXFileReference section */
		913B5A06180F90F5008A502F /* PrototypeCA.app */ = {isa = PBXFileReference; explicitFileType = wrapper.application; includeInIndex = 0; path = PrototypeCA.app; sourceTree = BUILT_PRODUCTS_DIR; };
		913B5A09180F90F5008A502F /* Cocoa.framework */ = {isa = PBXFileReference; lastKnownFileType = wrapper.framework; name = Cocoa.framework; path = System/Library/Frameworks/Cocoa.framework; sourceTree = SDKROOT; };
		913B5A0C180F90F5008A502F /* AppKit.framework */ = {isa = PBXFileReference; lastKnownFileType = wrapper.framework; name = AppKit.framework; path = System/Library/Frameworks/AppKit.framework; sourceTree = SDKROOT; };
		913B5A0D180F90F5008A502F /* CoreData.framework */ = {isa = PBXFileReference; lastKnownFileType = wrapper.framework; name = CoreData.framework; path = System/Library/Frameworks/CoreData.framework; sourceTree = SDKROOT; };
		913B5A0E180F90F5008A502F /* Foundation.framework */ = {isa = PBXFileReference; lastKnownFileType = wrapper.framework; name = Foundation.framework; path = System/Library/Frameworks/Foundation.framework; sourceTree = SDKROOT; };
		913B5A11180F90F5008A502F /* PrototypeCA-Info.plist */ = {isa = PBXFileReference; lastKnownFileType = text.plist.xml; path = "PrototypeCA-Info.plist"; sourceTree = "<group>"; };
		913B5A13180F90F5008A502F /* en */ = {isa = PBXFileReference; lastKnownFileType = text.plist.strings; name = en; path = en.lproj/InfoPlist.strings; sourceTree = "<group>"; };
		913B5A15180F90F5008A502F /* main.m */ = {isa = PBXFileReference; lastKnownFileType = sourcecode.c.objc; path = main.m; sourceTree = "<group>"; };
		913B5A17180F90F5008A502F /* PrototypeCA-Prefix.pch */ = {isa = PBXFileReference; lastKnownFileType = sourcecode.c.h; path = "PrototypeCA-Prefix.pch"; sourceTree = "<group>"; };
		913B5A19180F90F5008A502F /* en */ = {isa = PBXFileReference; lastKnownFileType = text.rtf; name = en; path = en.lproj/Credits.rtf; sourceTree = "<group>"; };
		913B5A1B180F90F5008A502F /* PCAAppDelegate.h */ = {isa = PBXFileReference; lastKnownFileType = sourcecode.c.h; path = PCAAppDelegate.h; sourceTree = "<group>"; };
		913B5A1C180F90F5008A502F /* PCAAppDelegate.m */ = {isa = PBXFileReference; lastKnownFileType = sourcecode.c.objc; path = PCAAppDelegate.m; sourceTree = "<group>"; };
		913B5A1F180F90F5008A502F /* Base */ = {isa = PBXFileReference; lastKnownFileType = file.xib; name = Base; path = Base.lproj/MainMenu.xib; sourceTree = "<group>"; };
		913B5A21180F90F5008A502F /* Images.xcassets */ = {isa = PBXFileReference; lastKnownFileType = folder.assetcatalog; path = Images.xcassets; sourceTree = "<group>"; };
		913B5A27180F90F5008A502F /* PrototypeCATests.xctest */ = {isa = PBXFileReference; explicitFileType = wrapper.cfbundle; includeInIndex = 0; path = PrototypeCATests.xctest; sourceTree = BUILT_PRODUCTS_DIR; };
		913B5A28180F90F5008A502F /* XCTest.framework */ = {isa = PBXFileReference; lastKnownFileType = wrapper.framework; name = XCTest.framework; path = Library/Frameworks/XCTest.framework; sourceTree = DEVELOPER_DIR; };
		913B5A2F180F90F5008A502F /* PrototypeCATests-Info.plist */ = {isa = PBXFileReference; lastKnownFileType = text.plist.xml; path = "PrototypeCATests-Info.plist"; sourceTree = "<group>"; };
		913B5A31180F90F5008A502F /* en */ = {isa = PBXFileReference; lastKnownFileType = text.plist.strings; name = en; path = en.lproj/InfoPlist.strings; sourceTree = "<group>"; };
		913B5A33180F90F5008A502F /* PrototypeCATests.m */ = {isa = PBXFileReference; lastKnownFileType = sourcecode.c.objc; path = PrototypeCATests.m; sourceTree = "<group>"; };
		913B5A41180F9192008A502F /* PCAViewerWindowController.h */ = {isa = PBXFileReference; fileEncoding = 4; lastKnownFileType = sourcecode.c.h; path = PCAViewerWindowController.h; sourceTree = "<group>"; };
		913B5A42180F9192008A502F /* PCAViewerWindowController.m */ = {isa = PBXFileReference; fileEncoding = 4; lastKnownFileType = sourcecode.c.objc; path = PCAViewerWindowController.m; sourceTree = "<group>"; };
		913B5A43180F9192008A502F /* PCAViewerWindowController.xib */ = {isa = PBXFileReference; fileEncoding = 4; lastKnownFileType = file.xib; path = PCAViewerWindowController.xib; sourceTree = "<group>"; };
		913B5A47180F9217008A502F /* PCAJavaScriptContext.h */ = {isa = PBXFileReference; fileEncoding = 4; lastKnownFileType = sourcecode.c.h; path = PCAJavaScriptContext.h; sourceTree = "<group>"; };
		913B5A48180F9217008A502F /* PCAJavaScriptContext.m */ = {isa = PBXFileReference; fileEncoding = 4; lastKnownFileType = sourcecode.c.objc; path = PCAJavaScriptContext.m; sourceTree = "<group>"; };
		913B5A4A180F9319008A502F /* QuartzCore.framework */ = {isa = PBXFileReference; lastKnownFileType = wrapper.framework; name = QuartzCore.framework; path = System/Library/Frameworks/QuartzCore.framework; sourceTree = SDKROOT; };
		913B5A4F180F95BA008A502F /* NSString+PCAJavaScriptAdditions.h */ = {isa = PBXFileReference; fileEncoding = 4; lastKnownFileType = sourcecode.c.h; path = "NSString+PCAJavaScriptAdditions.h"; sourceTree = "<group>"; };
		913B5A50180F95BA008A502F /* NSString+PCAJavaScriptAdditions.m */ = {isa = PBXFileReference; fileEncoding = 4; lastKnownFileType = sourcecode.c.objc; path = "NSString+PCAJavaScriptAdditions.m"; sourceTree = "<group>"; };
		913B5A52180F9860008A502F /* NSError+PCAJavaScriptAdditions.h */ = {isa = PBXFileReference; fileEncoding = 4; lastKnownFileType = sourcecode.c.h; path = "NSError+PCAJavaScriptAdditions.h"; sourceTree = "<group>"; };
		913B5A53180F9860008A502F /* NSError+PCAJavaScriptAdditions.m */ = {isa = PBXFileReference; fileEncoding = 4; lastKnownFileType = sourcecode.c.objc; path = "NSError+PCAJavaScriptAdditions.m"; sourceTree = "<group>"; };
		913B5A55180F9B59008A502F /* PCAJSUndefinedValue.h */ = {isa = PBXFileReference; fileEncoding = 4; lastKnownFileType = sourcecode.c.h; path = PCAJSUndefinedValue.h; sourceTree = "<group>"; };
		913B5A56180F9B59008A502F /* PCAJSUndefinedValue.m */ = {isa = PBXFileReference; fileEncoding = 4; lastKnownFileType = sourcecode.c.objc; path = PCAJSUndefinedValue.m; sourceTree = "<group>"; };
		913B5A58180F9CC5008A502F /* JavaScriptCore.framework */ = {isa = PBXFileReference; lastKnownFileType = wrapper.framework; name = JavaScriptCore.framework; path = System/Library/Frameworks/JavaScriptCore.framework; sourceTree = SDKROOT; };
/* End PBXFileReference section */

/* Begin PBXFrameworksBuildPhase section */
		913B5A03180F90F5008A502F /* Frameworks */ = {
			isa = PBXFrameworksBuildPhase;
			buildActionMask = 2147483647;
			files = (
				913B5A59180F9CC5008A502F /* JavaScriptCore.framework in Frameworks */,
				913B5A4B180F9319008A502F /* QuartzCore.framework in Frameworks */,
				913B5A0A180F90F5008A502F /* Cocoa.framework in Frameworks */,
			);
			runOnlyForDeploymentPostprocessing = 0;
		};
		913B5A24180F90F5008A502F /* Frameworks */ = {
			isa = PBXFrameworksBuildPhase;
			buildActionMask = 2147483647;
			files = (
				913B5A2A180F90F5008A502F /* Cocoa.framework in Frameworks */,
				913B5A29180F90F5008A502F /* XCTest.framework in Frameworks */,
			);
			runOnlyForDeploymentPostprocessing = 0;
		};
/* End PBXFrameworksBuildPhase section */

/* Begin PBXGroup section */
		913B59FD180F90F5008A502F = {
			isa = PBXGroup;
			children = (
				913B5A0F180F90F5008A502F /* PrototypeCA */,
				913B5A2D180F90F5008A502F /* PrototypeCATests */,
				913B5A08180F90F5008A502F /* Frameworks */,
				913B5A07180F90F5008A502F /* Products */,
			);
			sourceTree = "<group>";
		};
		913B5A07180F90F5008A502F /* Products */ = {
			isa = PBXGroup;
			children = (
				913B5A06180F90F5008A502F /* PrototypeCA.app */,
				913B5A27180F90F5008A502F /* PrototypeCATests.xctest */,
			);
			name = Products;
			sourceTree = "<group>";
		};
		913B5A08180F90F5008A502F /* Frameworks */ = {
			isa = PBXGroup;
			children = (
				913B5A58180F9CC5008A502F /* JavaScriptCore.framework */,
				913B5A4A180F9319008A502F /* QuartzCore.framework */,
				913B5A09180F90F5008A502F /* Cocoa.framework */,
				913B5A28180F90F5008A502F /* XCTest.framework */,
				913B5A0B180F90F5008A502F /* Other Frameworks */,
			);
			name = Frameworks;
			sourceTree = "<group>";
		};
		913B5A0B180F90F5008A502F /* Other Frameworks */ = {
			isa = PBXGroup;
			children = (
				913B5A0C180F90F5008A502F /* AppKit.framework */,
				913B5A0D180F90F5008A502F /* CoreData.framework */,
				913B5A0E180F90F5008A502F /* Foundation.framework */,
			);
			name = "Other Frameworks";
			sourceTree = "<group>";
		};
		913B5A0F180F90F5008A502F /* PrototypeCA */ = {
			isa = PBXGroup;
			children = (
				913B5A46180F91E8008A502F /* JavaScript */,
				913B5A1B180F90F5008A502F /* PCAAppDelegate.h */,
				913B5A1C180F90F5008A502F /* PCAAppDelegate.m */,
				913B5A1E180F90F5008A502F /* MainMenu.xib */,
				913B5A21180F90F5008A502F /* Images.xcassets */,
				913B5A10180F90F5008A502F /* Supporting Files */,
				913B5A41180F9192008A502F /* PCAViewerWindowController.h */,
				913B5A42180F9192008A502F /* PCAViewerWindowController.m */,
				913B5A43180F9192008A502F /* PCAViewerWindowController.xib */,
			);
			path = PrototypeCA;
			sourceTree = "<group>";
		};
		913B5A10180F90F5008A502F /* Supporting Files */ = {
			isa = PBXGroup;
			children = (
				913B5A11180F90F5008A502F /* PrototypeCA-Info.plist */,
				913B5A12180F90F5008A502F /* InfoPlist.strings */,
				913B5A15180F90F5008A502F /* main.m */,
				913B5A17180F90F5008A502F /* PrototypeCA-Prefix.pch */,
				913B5A18180F90F5008A502F /* Credits.rtf */,
			);
			name = "Supporting Files";
			sourceTree = "<group>";
		};
		913B5A2D180F90F5008A502F /* PrototypeCATests */ = {
			isa = PBXGroup;
			children = (
				913B5A33180F90F5008A502F /* PrototypeCATests.m */,
				913B5A2E180F90F5008A502F /* Supporting Files */,
			);
			path = PrototypeCATests;
			sourceTree = "<group>";
		};
		913B5A2E180F90F5008A502F /* Supporting Files */ = {
			isa = PBXGroup;
			children = (
				913B5A2F180F90F5008A502F /* PrototypeCATests-Info.plist */,
				913B5A30180F90F5008A502F /* InfoPlist.strings */,
			);
			name = "Supporting Files";
			sourceTree = "<group>";
		};
		913B5A46180F91E8008A502F /* JavaScript */ = {
			isa = PBXGroup;
			children = (
				913B5A47180F9217008A502F /* PCAJavaScriptContext.h */,
				913B5A48180F9217008A502F /* PCAJavaScriptContext.m */,
				913B5A4F180F95BA008A502F /* NSString+PCAJavaScriptAdditions.h */,
				913B5A50180F95BA008A502F /* NSString+PCAJavaScriptAdditions.m */,
				913B5A52180F9860008A502F /* NSError+PCAJavaScriptAdditions.h */,
				913B5A53180F9860008A502F /* NSError+PCAJavaScriptAdditions.m */,
				913B5A55180F9B59008A502F /* PCAJSUndefinedValue.h */,
				913B5A56180F9B59008A502F /* PCAJSUndefinedValue.m */,
			);
			name = JavaScript;
			sourceTree = "<group>";
		};
/* End PBXGroup section */

/* Begin PBXNativeTarget section */
		913B5A05180F90F5008A502F /* PrototypeCA */ = {
			isa = PBXNativeTarget;
			buildConfigurationList = 913B5A37180F90F5008A502F /* Build configuration list for PBXNativeTarget "PrototypeCA" */;
			buildPhases = (
				913B5A02180F90F5008A502F /* Sources */,
				913B5A03180F90F5008A502F /* Frameworks */,
				913B5A04180F90F5008A502F /* Resources */,
			);
			buildRules = (
			);
			dependencies = (
			);
			name = PrototypeCA;
			productName = PrototypeCA;
			productReference = 913B5A06180F90F5008A502F /* PrototypeCA.app */;
			productType = "com.apple.product-type.application";
		};
		913B5A26180F90F5008A502F /* PrototypeCATests */ = {
			isa = PBXNativeTarget;
			buildConfigurationList = 913B5A3A180F90F5008A502F /* Build configuration list for PBXNativeTarget "PrototypeCATests" */;
			buildPhases = (
				913B5A23180F90F5008A502F /* Sources */,
				913B5A24180F90F5008A502F /* Frameworks */,
				913B5A25180F90F5008A502F /* Resources */,
			);
			buildRules = (
			);
			dependencies = (
				913B5A2C180F90F5008A502F /* PBXTargetDependency */,
			);
			name = PrototypeCATests;
			productName = PrototypeCATests;
			productReference = 913B5A27180F90F5008A502F /* PrototypeCATests.xctest */;
			productType = "com.apple.product-type.bundle.unit-test";
		};
/* End PBXNativeTarget section */

/* Begin PBXProject section */
		913B59FE180F90F5008A502F /* Project object */ = {
			isa = PBXProject;
			attributes = {
				CLASSPREFIX = PCA;
				LastUpgradeCheck = 0500;
				ORGANIZATIONNAME = "Doug Richardson";
				TargetAttributes = {
					913B5A26180F90F5008A502F = {
						TestTargetID = 913B5A05180F90F5008A502F;
					};
				};
			};
			buildConfigurationList = 913B5A01180F90F5008A502F /* Build configuration list for PBXProject "PrototypeCA" */;
			compatibilityVersion = "Xcode 3.2";
			developmentRegion = English;
			hasScannedForEncodings = 0;
			knownRegions = (
				en,
				Base,
			);
			mainGroup = 913B59FD180F90F5008A502F;
			productRefGroup = 913B5A07180F90F5008A502F /* Products */;
			projectDirPath = "";
			projectRoot = "";
			targets = (
				913B5A05180F90F5008A502F /* PrototypeCA */,
				913B5A26180F90F5008A502F /* PrototypeCATests */,
			);
		};
/* End PBXProject section */

/* Begin PBXResourcesBuildPhase section */
		913B5A04180F90F5008A502F /* Resources */ = {
			isa = PBXResourcesBuildPhase;
			buildActionMask = 2147483647;
			files = (
				913B5A45180F9192008A502F /* PCAViewerWindowController.xib in Resources */,
				913B5A14180F90F5008A502F /* InfoPlist.strings in Resources */,
				913B5A22180F90F5008A502F /* Images.xcassets in Resources */,
				913B5A1A180F90F5008A502F /* Credits.rtf in Resources */,
				913B5A20180F90F5008A502F /* MainMenu.xib in Resources */,
			);
			runOnlyForDeploymentPostprocessing = 0;
		};
		913B5A25180F90F5008A502F /* Resources */ = {
			isa = PBXResourcesBuildPhase;
			buildActionMask = 2147483647;
			files = (
				913B5A32180F90F5008A502F /* InfoPlist.strings in Resources */,
			);
			runOnlyForDeploymentPostprocessing = 0;
		};
/* End PBXResourcesBuildPhase section */

/* Begin PBXSourcesBuildPhase section */
		913B5A02180F90F5008A502F /* Sources */ = {
			isa = PBXSourcesBuildPhase;
			buildActionMask = 2147483647;
			files = (
				913B5A57180F9B59008A502F /* PCAJSUndefinedValue.m in Sources */,
				913B5A51180F95BA008A502F /* NSString+PCAJavaScriptAdditions.m in Sources */,
				913B5A44180F9192008A502F /* PCAViewerWindowController.m in Sources */,
				913B5A49180F9217008A502F /* PCAJavaScriptContext.m in Sources */,
				913B5A16180F90F5008A502F /* main.m in Sources */,
				913B5A54180F9860008A502F /* NSError+PCAJavaScriptAdditions.m in Sources */,
				913B5A1D180F90F5008A502F /* PCAAppDelegate.m in Sources */,
			);
			runOnlyForDeploymentPostprocessing = 0;
		};
		913B5A23180F90F5008A502F /* Sources */ = {
			isa = PBXSourcesBuildPhase;
			buildActionMask = 2147483647;
			files = (
				913B5A34180F90F5008A502F /* PrototypeCATests.m in Sources */,
			);
			runOnlyForDeploymentPostprocessing = 0;
		};
/* End PBXSourcesBuildPhase section */

/* Begin PBXTargetDependency section */
		913B5A2C180F90F5008A502F /* PBXTargetDependency */ = {
			isa = PBXTargetDependency;
			target = 913B5A05180F90F5008A502F /* PrototypeCA */;
			targetProxy = 913B5A2B180F90F5008A502F /* PBXContainerItemProxy */;
		};
/* End PBXTargetDependency section */

/* Begin PBXVariantGroup section */
		913B5A12180F90F5008A502F /* InfoPlist.strings */ = {
			isa = PBXVariantGroup;
			children = (
				913B5A13180F90F5008A502F /* en */,
			);
			name = InfoPlist.strings;
			sourceTree = "<group>";
		};
		913B5A18180F90F5008A502F /* Credits.rtf */ = {
			isa = PBXVariantGroup;
			children = (
				913B5A19180F90F5008A502F /* en */,
			);
			name = Credits.rtf;
			sourceTree = "<group>";
		};
		913B5A1E180F90F5008A502F /* MainMenu.xib */ = {
			isa = PBXVariantGroup;
			children = (
				913B5A1F180F90F5008A502F /* Base */,
			);
			name = MainMenu.xib;
			sourceTree = "<group>";
		};
		913B5A30180F90F5008A502F /* InfoPlist.strings */ = {
			isa = PBXVariantGroup;
			children = (
				913B5A31180F90F5008A502F /* en */,
			);
			name = InfoPlist.strings;
			sourceTree = "<group>";
		};
/* End PBXVariantGroup section */

/* Begin XCBuildConfiguration section */
		913B5A35180F90F5008A502F /* Debug */ = {
			isa = XCBuildConfiguration;
			buildSettings = {
				ALWAYS_SEARCH_USER_PATHS = NO;
				CLANG_CXX_LANGUAGE_STANDARD = "gnu++0x";
				CLANG_CXX_LIBRARY = "libc++";
				CLANG_ENABLE_OBJC_ARC = YES;
				CLANG_WARN_BOOL_CONVERSION = YES;
				CLANG_WARN_CONSTANT_CONVERSION = YES;
				CLANG_WARN_DIRECT_OBJC_ISA_USAGE = YES_ERROR;
				CLANG_WARN_EMPTY_BODY = YES;
				CLANG_WARN_ENUM_CONVERSION = YES;
				CLANG_WARN_INT_CONVERSION = YES;
				CLANG_WARN_OBJC_ROOT_CLASS = YES_ERROR;
				CLANG_WARN__DUPLICATE_METHOD_MATCH = YES;
				COPY_PHASE_STRIP = NO;
				GCC_C_LANGUAGE_STANDARD = gnu99;
				GCC_DYNAMIC_NO_PIC = NO;
				GCC_ENABLE_OBJC_EXCEPTIONS = YES;
				GCC_OPTIMIZATION_LEVEL = 0;
				GCC_PREPROCESSOR_DEFINITIONS = (
					"DEBUG=1",
					"$(inherited)",
				);
				GCC_SYMBOLS_PRIVATE_EXTERN = NO;
				GCC_WARN_64_TO_32_BIT_CONVERSION = YES;
				GCC_WARN_ABOUT_RETURN_TYPE = YES_ERROR;
				GCC_WARN_UNDECLARED_SELECTOR = YES;
				GCC_WARN_UNINITIALIZED_AUTOS = YES;
				GCC_WARN_UNUSED_FUNCTION = YES;
				GCC_WARN_UNUSED_VARIABLE = YES;
				MACOSX_DEPLOYMENT_TARGET = 10.8;
				ONLY_ACTIVE_ARCH = YES;
				SDKROOT = macosx;
			};
			name = Debug;
		};
		913B5A36180F90F5008A502F /* Release */ = {
			isa = XCBuildConfiguration;
			buildSettings = {
				ALWAYS_SEARCH_USER_PATHS = NO;
				CLANG_CXX_LANGUAGE_STANDARD = "gnu++0x";
				CLANG_CXX_LIBRARY = "libc++";
				CLANG_ENABLE_OBJC_ARC = YES;
				CLANG_WARN_BOOL_CONVERSION = YES;
				CLANG_WARN_CONSTANT_CONVERSION = YES;
				CLANG_WARN_DIRECT_OBJC_ISA_USAGE = YES_ERROR;
				CLANG_WARN_EMPTY_BODY = YES;
				CLANG_WARN_ENUM_CONVERSION = YES;
				CLANG_WARN_INT_CONVERSION = YES;
				CLANG_WARN_OBJC_ROOT_CLASS = YES_ERROR;
				CLANG_WARN__DUPLICATE_METHOD_MATCH = YES;
				COPY_PHASE_STRIP = YES;
				DEBUG_INFORMATION_FORMAT = "dwarf-with-dsym";
				ENABLE_NS_ASSERTIONS = NO;
				GCC_C_LANGUAGE_STANDARD = gnu99;
				GCC_ENABLE_OBJC_EXCEPTIONS = YES;
				GCC_WARN_64_TO_32_BIT_CONVERSION = YES;
				GCC_WARN_ABOUT_RETURN_TYPE = YES_ERROR;
				GCC_WARN_UNDECLARED_SELECTOR = YES;
				GCC_WARN_UNINITIALIZED_AUTOS = YES;
				GCC_WARN_UNUSED_FUNCTION = YES;
				GCC_WARN_UNUSED_VARIABLE = YES;
				MACOSX_DEPLOYMENT_TARGET = 10.8;
				SDKROOT = macosx;
			};
			name = Release;
		};
		913B5A38180F90F5008A502F /* Debug */ = {
			isa = XCBuildConfiguration;
			buildSettings = {
				ASSETCATALOG_COMPILER_APPICON_NAME = AppIcon;
				COMBINE_HIDPI_IMAGES = YES;
				GCC_PRECOMPILE_PREFIX_HEADER = YES;
				GCC_PREFIX_HEADER = "PrototypeCA/PrototypeCA-Prefix.pch";
				INFOPLIST_FILE = "PrototypeCA/PrototypeCA-Info.plist";
				PRODUCT_NAME = "$(TARGET_NAME)";
				WRAPPER_EXTENSION = app;
			};
			name = Debug;
		};
		913B5A39180F90F5008A502F /* Release */ = {
			isa = XCBuildConfiguration;
			buildSettings = {
				ASSETCATALOG_COMPILER_APPICON_NAME = AppIcon;
				COMBINE_HIDPI_IMAGES = YES;
				GCC_PRECOMPILE_PREFIX_HEADER = YES;
				GCC_PREFIX_HEADER = "PrototypeCA/PrototypeCA-Prefix.pch";
				INFOPLIST_FILE = "PrototypeCA/PrototypeCA-Info.plist";
				PRODUCT_NAME = "$(TARGET_NAME)";
				WRAPPER_EXTENSION = app;
			};
			name = Release;
		};
		913B5A3B180F90F5008A502F /* Debug */ = {
			isa = XCBuildConfiguration;
			buildSettings = {
				BUNDLE_LOADER = "$(BUILT_PRODUCTS_DIR)/PrototypeCA.app/Contents/MacOS/PrototypeCA";
				COMBINE_HIDPI_IMAGES = YES;
				FRAMEWORK_SEARCH_PATHS = (
					"$(DEVELOPER_FRAMEWORKS_DIR)",
					"$(inherited)",
				);
				GCC_PRECOMPILE_PREFIX_HEADER = YES;
				GCC_PREFIX_HEADER = "PrototypeCA/PrototypeCA-Prefix.pch";
				GCC_PREPROCESSOR_DEFINITIONS = (
					"DEBUG=1",
					"$(inherited)",
				);
				INFOPLIST_FILE = "PrototypeCATests/PrototypeCATests-Info.plist";
				PRODUCT_NAME = "$(TARGET_NAME)";
				TEST_HOST = "$(BUNDLE_LOADER)";
				WRAPPER_EXTENSION = xctest;
			};
			name = Debug;
		};
		913B5A3C180F90F5008A502F /* Release */ = {
			isa = XCBuildConfiguration;
			buildSettings = {
				BUNDLE_LOADER = "$(BUILT_PRODUCTS_DIR)/PrototypeCA.app/Contents/MacOS/PrototypeCA";
				COMBINE_HIDPI_IMAGES = YES;
				FRAMEWORK_SEARCH_PATHS = (
					"$(DEVELOPER_FRAMEWORKS_DIR)",
					"$(inherited)",
				);
				GCC_PRECOMPILE_PREFIX_HEADER = YES;
				GCC_PREFIX_HEADER = "PrototypeCA/PrototypeCA-Prefix.pch";
				INFOPLIST_FILE = "PrototypeCATests/PrototypeCATests-Info.plist";
				PRODUCT_NAME = "$(TARGET_NAME)";
				TEST_HOST = "$(BUNDLE_LOADER)";
				WRAPPER_EXTENSION = xctest;
			};
			name = Release;
		};
/* End XCBuildConfiguration section */

/* Begin XCConfigurationList section */
		913B5A01180F90F5008A502F /* Build configuration list for PBXProject "PrototypeCA" */ = {
			isa = XCConfigurationList;
			buildConfigurations = (
				913B5A35180F90F5008A502F /* Debug */,
				913B5A36180F90F5008A502F /* Release */,
			);
			defaultConfigurationIsVisible = 0;
			defaultConfigurationName = Release;
		};
		913B5A37180F90F5008A502F /* Build configuration list for PBXNativeTarget "PrototypeCA" */ = {
			isa = XCConfigurationList;
			buildConfigurations = (
				913B5A38180F90F5008A502F /* Debug */,
				913B5A39180F90F5008A502F /* Release */,
			);
			defaultConfigurationIsVisible = 0;
		};
		913B5A3A180F90F5008A502F /* Build configuration list for PBXNativeTarget "PrototypeCATests" */ = {
			isa = XCConfigurationList;
			buildConfigurations = (
				913B5A3B180F90F5008A502F /* Debug */,
				913B5A3C180F90F5008A502F /* Release */,
			);
			defaultConfigurationIsVisible = 0;
		};
/* End XCConfigurationList section */
	};
	rootObject = 913B59FE180F90F5008A502F /* Project object */;
}
